// !$*UTF8*$!
{
	archiveVersion = 1;
	classes = {
	};
	objectVersion = 50;
	objects = {

/* Begin PBXBuildFile section */
		133CB62E242FE8C600AC6086 /* AppDelegate.swift in Sources */ = {isa = PBXBuildFile; fileRef = 133CB62D242FE8C600AC6086 /* AppDelegate.swift */; };
		133CB630242FE8C600AC6086 /* SceneDelegate.swift in Sources */ = {isa = PBXBuildFile; fileRef = 133CB62F242FE8C600AC6086 /* SceneDelegate.swift */; };
		133CB632242FE8C600AC6086 /* ViewController.swift in Sources */ = {isa = PBXBuildFile; fileRef = 133CB631242FE8C600AC6086 /* ViewController.swift */; };
		133CB635242FE8C600AC6086 /* Main.storyboard in Resources */ = {isa = PBXBuildFile; fileRef = 133CB633242FE8C600AC6086 /* Main.storyboard */; };
		133CB637242FE8C800AC6086 /* Assets.xcassets in Resources */ = {isa = PBXBuildFile; fileRef = 133CB636242FE8C800AC6086 /* Assets.xcassets */; };
		133CB63A242FE8C800AC6086 /* LaunchScreen.storyboard in Resources */ = {isa = PBXBuildFile; fileRef = 133CB638242FE8C800AC6086 /* LaunchScreen.storyboard */; };
		13A6D3F824314D9700696F2E /* HealthKit.framework in Frameworks */ = {isa = PBXBuildFile; fileRef = 13A6D3F724314D9700696F2E /* HealthKit.framework */; };
		13A6D411243150C300696F2E /* Notifications.swift in Sources */ = {isa = PBXBuildFile; fileRef = 13A6D410243150C300696F2E /* Notifications.swift */; };
/* End PBXBuildFile section */

/* Begin PBXCopyFilesBuildPhase section */
		13A6D40F24314E4A00696F2E /* Embed App Extensions */ = {
			isa = PBXCopyFilesBuildPhase;
			buildActionMask = 2147483647;
			dstPath = "";
			dstSubfolderSpec = 13;
			files = (
			);
			name = "Embed App Extensions";
			runOnlyForDeploymentPostprocessing = 0;
		};
/* End PBXCopyFilesBuildPhase section */

/* Begin PBXFileReference section */
		133CB62A242FE8C600AC6086 /* CollegeDeliberately.app */ = {isa = PBXFileReference; explicitFileType = wrapper.application; includeInIndex = 0; path = CollegeDeliberately.app; sourceTree = BUILT_PRODUCTS_DIR; };
		133CB62D242FE8C600AC6086 /* AppDelegate.swift */ = {isa = PBXFileReference; lastKnownFileType = sourcecode.swift; path = AppDelegate.swift; sourceTree = "<group>"; };
		133CB62F242FE8C600AC6086 /* SceneDelegate.swift */ = {isa = PBXFileReference; lastKnownFileType = sourcecode.swift; path = SceneDelegate.swift; sourceTree = "<group>"; };
		133CB631242FE8C600AC6086 /* ViewController.swift */ = {isa = PBXFileReference; lastKnownFileType = sourcecode.swift; path = ViewController.swift; sourceTree = "<group>"; };
		133CB634242FE8C600AC6086 /* Base */ = {isa = PBXFileReference; lastKnownFileType = file.storyboard; name = Base; path = Base.lproj/Main.storyboard; sourceTree = "<group>"; };
		133CB636242FE8C800AC6086 /* Assets.xcassets */ = {isa = PBXFileReference; lastKnownFileType = folder.assetcatalog; path = Assets.xcassets; sourceTree = "<group>"; };
		133CB639242FE8C800AC6086 /* Base */ = {isa = PBXFileReference; lastKnownFileType = file.storyboard; name = Base; path = Base.lproj/LaunchScreen.storyboard; sourceTree = "<group>"; };
		133CB63B242FE8C800AC6086 /* Info.plist */ = {isa = PBXFileReference; lastKnownFileType = text.plist.xml; path = Info.plist; sourceTree = "<group>"; };
		13A6D3F524314D8400696F2E /* CollegeDeliberately.entitlements */ = {isa = PBXFileReference; lastKnownFileType = text.plist.entitlements; path = CollegeDeliberately.entitlements; sourceTree = "<group>"; };
		13A6D3F724314D9700696F2E /* HealthKit.framework */ = {isa = PBXFileReference; lastKnownFileType = wrapper.framework; name = HealthKit.framework; path = System/Library/Frameworks/HealthKit.framework; sourceTree = SDKROOT; };
		13A6D3FE24314E4A00696F2E /* UserNotifications.framework */ = {isa = PBXFileReference; lastKnownFileType = wrapper.framework; name = UserNotifications.framework; path = System/Library/Frameworks/UserNotifications.framework; sourceTree = SDKROOT; };
		13A6D40024314E4A00696F2E /* UserNotificationsUI.framework */ = {isa = PBXFileReference; lastKnownFileType = wrapper.framework; name = UserNotificationsUI.framework; path = System/Library/Frameworks/UserNotificationsUI.framework; sourceTree = SDKROOT; };
		13A6D410243150C300696F2E /* Notifications.swift */ = {isa = PBXFileReference; lastKnownFileType = sourcecode.swift; path = Notifications.swift; sourceTree = "<group>"; };
/* End PBXFileReference section */

/* Begin PBXFrameworksBuildPhase section */
		133CB627242FE8C600AC6086 /* Frameworks */ = {
			isa = PBXFrameworksBuildPhase;
			buildActionMask = 2147483647;
			files = (
				13A6D3F824314D9700696F2E /* HealthKit.framework in Frameworks */,
			);
			runOnlyForDeploymentPostprocessing = 0;
		};
/* End PBXFrameworksBuildPhase section */

/* Begin PBXGroup section */
		133CB621242FE8C600AC6086 = {
			isa = PBXGroup;
			children = (
				133CB62C242FE8C600AC6086 /* CollegeDeliberately */,
				133CB62B242FE8C600AC6086 /* Products */,
				13A6D3F624314D9700696F2E /* Frameworks */,
			);
			sourceTree = "<group>";
		};
		133CB62B242FE8C600AC6086 /* Products */ = {
			isa = PBXGroup;
			children = (
				133CB62A242FE8C600AC6086 /* CollegeDeliberately.app */,
			);
			name = Products;
			sourceTree = "<group>";
		};
		133CB62C242FE8C600AC6086 /* CollegeDeliberately */ = {
			isa = PBXGroup;
			children = (
				13A6D3F524314D8400696F2E /* CollegeDeliberately.entitlements */,
				133CB62D242FE8C600AC6086 /* AppDelegate.swift */,
				133CB62F242FE8C600AC6086 /* SceneDelegate.swift */,
				133CB631242FE8C600AC6086 /* ViewController.swift */,
				133CB633242FE8C600AC6086 /* Main.storyboard */,
				133CB636242FE8C800AC6086 /* Assets.xcassets */,
				133CB638242FE8C800AC6086 /* LaunchScreen.storyboard */,
				133CB63B242FE8C800AC6086 /* Info.plist */,
				13A6D410243150C300696F2E /* Notifications.swift */,
			);
			path = CollegeDeliberately;
			sourceTree = "<group>";
		};
		13A6D3F624314D9700696F2E /* Frameworks */ = {
			isa = PBXGroup;
			children = (
				13A6D3F724314D9700696F2E /* HealthKit.framework */,
				13A6D3FE24314E4A00696F2E /* UserNotifications.framework */,
				13A6D40024314E4A00696F2E /* UserNotificationsUI.framework */,
			);
			name = Frameworks;
			sourceTree = "<group>";
		};
/* End PBXGroup section */

/* Begin PBXNativeTarget section */
		133CB629242FE8C600AC6086 /* CollegeDeliberately */ = {
			isa = PBXNativeTarget;
			buildConfigurationList = 133CB63E242FE8C800AC6086 /* Build configuration list for PBXNativeTarget "CollegeDeliberately" */;
			buildPhases = (
				133CB626242FE8C600AC6086 /* Sources */,
				133CB627242FE8C600AC6086 /* Frameworks */,
				133CB628242FE8C600AC6086 /* Resources */,
				13A6D40F24314E4A00696F2E /* Embed App Extensions */,
			);
			buildRules = (
			);
			dependencies = (
			);
			name = CollegeDeliberately;
			productName = "City Voice";
			productReference = 133CB62A242FE8C600AC6086 /* CollegeDeliberately.app */;
			productType = "com.apple.product-type.application";
		};
/* End PBXNativeTarget section */

/* Begin PBXProject section */
		133CB622242FE8C600AC6086 /* Project object */ = {
			isa = PBXProject;
			attributes = {
				LastSwiftUpdateCheck = 1130;
				LastUpgradeCheck = 1130;
				ORGANIZATIONNAME = "The City Voice";
				TargetAttributes = {
					133CB629242FE8C600AC6086 = {
						CreatedOnToolsVersion = 11.3.1;
					};
				};
			};
			buildConfigurationList = 133CB625242FE8C600AC6086 /* Build configuration list for PBXProject "CollegeDeliberately" */;
			compatibilityVersion = "Xcode 9.3";
			developmentRegion = en;
			hasScannedForEncodings = 0;
			knownRegions = (
				en,
				Base,
			);
			mainGroup = 133CB621242FE8C600AC6086;
			productRefGroup = 133CB62B242FE8C600AC6086 /* Products */;
			projectDirPath = "";
			projectRoot = "";
			targets = (
				133CB629242FE8C600AC6086 /* CollegeDeliberately */,
			);
		};
/* End PBXProject section */

/* Begin PBXResourcesBuildPhase section */
		133CB628242FE8C600AC6086 /* Resources */ = {
			isa = PBXResourcesBuildPhase;
			buildActionMask = 2147483647;
			files = (
				133CB63A242FE8C800AC6086 /* LaunchScreen.storyboard in Resources */,
				133CB637242FE8C800AC6086 /* Assets.xcassets in Resources */,
				133CB635242FE8C600AC6086 /* Main.storyboard in Resources */,
			);
			runOnlyForDeploymentPostprocessing = 0;
		};
/* End PBXResourcesBuildPhase section */

/* Begin PBXSourcesBuildPhase section */
		133CB626242FE8C600AC6086 /* Sources */ = {
			isa = PBXSourcesBuildPhase;
			buildActionMask = 2147483647;
			files = (
				13A6D411243150C300696F2E /* Notifications.swift in Sources */,
				133CB632242FE8C600AC6086 /* ViewController.swift in Sources */,
				133CB62E242FE8C600AC6086 /* AppDelegate.swift in Sources */,
				133CB630242FE8C600AC6086 /* SceneDelegate.swift in Sources */,
			);
			runOnlyForDeploymentPostprocessing = 0;
		};
/* End PBXSourcesBuildPhase section */

/* Begin PBXVariantGroup section */
		133CB633242FE8C600AC6086 /* Main.storyboard */ = {
			isa = PBXVariantGroup;
			children = (
				133CB634242FE8C600AC6086 /* Base */,
			);
			name = Main.storyboard;
			sourceTree = "<group>";
		};
		133CB638242FE8C800AC6086 /* LaunchScreen.storyboard */ = {
			isa = PBXVariantGroup;
			children = (
				133CB639242FE8C800AC6086 /* Base */,
			);
			name = LaunchScreen.storyboard;
			sourceTree = "<group>";
		};
/* End PBXVariantGroup section */

/* Begin XCBuildConfiguration section */
		133CB63C242FE8C800AC6086 /* Debug */ = {
			isa = XCBuildConfiguration;
			buildSettings = {
				ALWAYS_SEARCH_USER_PATHS = NO;
				CLANG_ANALYZER_NONNULL = YES;
				CLANG_ANALYZER_NUMBER_OBJECT_CONVERSION = YES_AGGRESSIVE;
				CLANG_CXX_LANGUAGE_STANDARD = "gnu++14";
				CLANG_CXX_LIBRARY = "libc++";
				CLANG_ENABLE_MODULES = YES;
				CLANG_ENABLE_OBJC_ARC = YES;
				CLANG_ENABLE_OBJC_WEAK = YES;
				CLANG_WARN_BLOCK_CAPTURE_AUTORELEASING = YES;
				CLANG_WARN_BOOL_CONVERSION = YES;
				CLANG_WARN_COMMA = YES;
				CLANG_WARN_CONSTANT_CONVERSION = YES;
				CLANG_WARN_DEPRECATED_OBJC_IMPLEMENTATIONS = YES;
				CLANG_WARN_DIRECT_OBJC_ISA_USAGE = YES_ERROR;
				CLANG_WARN_DOCUMENTATION_COMMENTS = YES;
				CLANG_WARN_EMPTY_BODY = YES;
				CLANG_WARN_ENUM_CONVERSION = YES;
				CLANG_WARN_INFINITE_RECURSION = YES;
				CLANG_WARN_INT_CONVERSION = YES;
				CLANG_WARN_NON_LITERAL_NULL_CONVERSION = YES;
				CLANG_WARN_OBJC_IMPLICIT_RETAIN_SELF = YES;
				CLANG_WARN_OBJC_LITERAL_CONVERSION = YES;
				CLANG_WARN_OBJC_ROOT_CLASS = YES_ERROR;
				CLANG_WARN_RANGE_LOOP_ANALYSIS = YES;
				CLANG_WARN_STRICT_PROTOTYPES = YES;
				CLANG_WARN_SUSPICIOUS_MOVE = YES;
				CLANG_WARN_UNGUARDED_AVAILABILITY = YES_AGGRESSIVE;
				CLANG_WARN_UNREACHABLE_CODE = YES;
				CLANG_WARN__DUPLICATE_METHOD_MATCH = YES;
				COPY_PHASE_STRIP = NO;
				DEBUG_INFORMATION_FORMAT = dwarf;
				ENABLE_STRICT_OBJC_MSGSEND = YES;
				ENABLE_TESTABILITY = YES;
				GCC_C_LANGUAGE_STANDARD = gnu11;
				GCC_DYNAMIC_NO_PIC = NO;
				GCC_NO_COMMON_BLOCKS = YES;
				GCC_OPTIMIZATION_LEVEL = 0;
				GCC_PREPROCESSOR_DEFINITIONS = (
					"DEBUG=1",
					"$(inherited)",
				);
				GCC_WARN_64_TO_32_BIT_CONVERSION = YES;
				GCC_WARN_ABOUT_RETURN_TYPE = YES_ERROR;
				GCC_WARN_UNDECLARED_SELECTOR = YES;
				GCC_WARN_UNINITIALIZED_AUTOS = YES_AGGRESSIVE;
				GCC_WARN_UNUSED_FUNCTION = YES;
				GCC_WARN_UNUSED_VARIABLE = YES;
				IPHONEOS_DEPLOYMENT_TARGET = 13.2;
				MTL_ENABLE_DEBUG_INFO = INCLUDE_SOURCE;
				MTL_FAST_MATH = YES;
				ONLY_ACTIVE_ARCH = YES;
				SDKROOT = iphoneos;
				SWIFT_ACTIVE_COMPILATION_CONDITIONS = DEBUG;
				SWIFT_OPTIMIZATION_LEVEL = "-Onone";
			};
			name = Debug;
		};
		133CB63D242FE8C800AC6086 /* Release */ = {
			isa = XCBuildConfiguration;
			buildSettings = {
				ALWAYS_SEARCH_USER_PATHS = NO;
				CLANG_ANALYZER_NONNULL = YES;
				CLANG_ANALYZER_NUMBER_OBJECT_CONVERSION = YES_AGGRESSIVE;
				CLANG_CXX_LANGUAGE_STANDARD = "gnu++14";
				CLANG_CXX_LIBRARY = "libc++";
				CLANG_ENABLE_MODULES = YES;
				CLANG_ENABLE_OBJC_ARC = YES;
				CLANG_ENABLE_OBJC_WEAK = YES;
				CLANG_WARN_BLOCK_CAPTURE_AUTORELEASING = YES;
				CLANG_WARN_BOOL_CONVERSION = YES;
				CLANG_WARN_COMMA = YES;
				CLANG_WARN_CONSTANT_CONVERSION = YES;
				CLANG_WARN_DEPRECATED_OBJC_IMPLEMENTATIONS = YES;
				CLANG_WARN_DIRECT_OBJC_ISA_USAGE = YES_ERROR;
				CLANG_WARN_DOCUMENTATION_COMMENTS = YES;
				CLANG_WARN_EMPTY_BODY = YES;
				CLANG_WARN_ENUM_CONVERSION = YES;
				CLANG_WARN_INFINITE_RECURSION = YES;
				CLANG_WARN_INT_CONVERSION = YES;
				CLANG_WARN_NON_LITERAL_NULL_CONVERSION = YES;
				CLANG_WARN_OBJC_IMPLICIT_RETAIN_SELF = YES;
				CLANG_WARN_OBJC_LITERAL_CONVERSION = YES;
				CLANG_WARN_OBJC_ROOT_CLASS = YES_ERROR;
				CLANG_WARN_RANGE_LOOP_ANALYSIS = YES;
				CLANG_WARN_STRICT_PROTOTYPES = YES;
				CLANG_WARN_SUSPICIOUS_MOVE = YES;
				CLANG_WARN_UNGUARDED_AVAILABILITY = YES_AGGRESSIVE;
				CLANG_WARN_UNREACHABLE_CODE = YES;
				CLANG_WARN__DUPLICATE_METHOD_MATCH = YES;
				COPY_PHASE_STRIP = NO;
				DEBUG_INFORMATION_FORMAT = "dwarf-with-dsym";
				ENABLE_NS_ASSERTIONS = NO;
				ENABLE_STRICT_OBJC_MSGSEND = YES;
				GCC_C_LANGUAGE_STANDARD = gnu11;
				GCC_NO_COMMON_BLOCKS = YES;
				GCC_WARN_64_TO_32_BIT_CONVERSION = YES;
				GCC_WARN_ABOUT_RETURN_TYPE = YES_ERROR;
				GCC_WARN_UNDECLARED_SELECTOR = YES;
				GCC_WARN_UNINITIALIZED_AUTOS = YES_AGGRESSIVE;
				GCC_WARN_UNUSED_FUNCTION = YES;
				GCC_WARN_UNUSED_VARIABLE = YES;
				IPHONEOS_DEPLOYMENT_TARGET = 13.2;
				MTL_ENABLE_DEBUG_INFO = NO;
				MTL_FAST_MATH = YES;
				SDKROOT = iphoneos;
				SWIFT_COMPILATION_MODE = wholemodule;
				SWIFT_OPTIMIZATION_LEVEL = "-O";
				VALIDATE_PRODUCT = YES;
			};
			name = Release;
		};
		133CB63F242FE8C800AC6086 /* Debug */ = {
			isa = XCBuildConfiguration;
			buildSettings = {
				ASSETCATALOG_COMPILER_APPICON_NAME = AppIcon;
				CODE_SIGN_ENTITLEMENTS = CollegeDeliberately/CollegeDeliberately.entitlements;
				CODE_SIGN_STYLE = Automatic;
				DEVELOPMENT_TEAM = P329ZQUFVR;
				INFOPLIST_FILE = CollegeDeliberately/Info.plist;
				LD_RUNPATH_SEARCH_PATHS = (
					"$(inherited)",
					"@executable_path/Frameworks",
				);
				MARKETING_VERSION = 0.1;
				PRODUCT_BUNDLE_IDENTIFIER = CollegeDeliberately;
				PRODUCT_NAME = CollegeDeliberately;
				SWIFT_VERSION = 5.0;
				TARGETED_DEVICE_FAMILY = "1,2";
			};
			name = Debug;
		};
		133CB640242FE8C800AC6086 /* Release */ = {
			isa = XCBuildConfiguration;
			buildSettings = {
				ASSETCATALOG_COMPILER_APPICON_NAME = AppIcon;
				CODE_SIGN_ENTITLEMENTS = CollegeDeliberately/CollegeDeliberately.entitlements;
				CODE_SIGN_STYLE = Automatic;
				DEVELOPMENT_TEAM = P329ZQUFVR;
				INFOPLIST_FILE = CollegeDeliberately/Info.plist;
				LD_RUNPATH_SEARCH_PATHS = (
					"$(inherited)",
					"@executable_path/Frameworks",
				);
				MARKETING_VERSION = 0.1;
				PRODUCT_BUNDLE_IDENTIFIER = CollegeDeliberately;
				PRODUCT_NAME = CollegeDeliberately;
				SWIFT_VERSION = 5.0;
				TARGETED_DEVICE_FAMILY = "1,2";
			};
			name = Release;
		};
/* End XCBuildConfiguration section */

/* Begin XCConfigurationList section */
		133CB625242FE8C600AC6086 /* Build configuration list for PBXProject "CollegeDeliberately" */ = {
			isa = XCConfigurationList;
			buildConfigurations = (
				133CB63C242FE8C800AC6086 /* Debug */,
				133CB63D242FE8C800AC6086 /* Release */,
			);
			defaultConfigurationIsVisible = 0;
			defaultConfigurationName = Release;
		};
		133CB63E242FE8C800AC6086 /* Build configuration list for PBXNativeTarget "CollegeDeliberately" */ = {
			isa = XCConfigurationList;
			buildConfigurations = (
				133CB63F242FE8C800AC6086 /* Debug */,
				133CB640242FE8C800AC6086 /* Release */,
			);
			defaultConfigurationIsVisible = 0;
			defaultConfigurationName = Release;
		};
/* End XCConfigurationList section */
	};
	rootObject = 133CB622242FE8C600AC6086 /* Project object */;
}
